// !$*UTF8*$!
{
	archiveVersion = 1;
	classes = {
	};
	objectVersion = 52;
	objects = {

/* Begin PBXBuildFile section */
		3D09898D246DBDF200E520E2 /* PomodoroSettingsView.swift in Sources */ = {isa = PBXBuildFile; fileRef = 3D09898C246DBDF200E520E2 /* PomodoroSettingsView.swift */; };
		3D0F7F0F246C7AD800AB3874 /* PopUpView.swift in Sources */ = {isa = PBXBuildFile; fileRef = 3D0F7F0E246C7AD800AB3874 /* PopUpView.swift */; };
		3D227CF1245B4F17007FCF2E /* TaskCellFrontView.swift in Sources */ = {isa = PBXBuildFile; fileRef = 3D227CF0245B4F17007FCF2E /* TaskCellFrontView.swift */; };
		3D227CF3245B4F24007FCF2E /* TaskCellBackView.swift in Sources */ = {isa = PBXBuildFile; fileRef = 3D227CF2245B4F24007FCF2E /* TaskCellBackView.swift */; };
		3D3148962455D4E40022447E /* AppDelegate.swift in Sources */ = {isa = PBXBuildFile; fileRef = 3D3148952455D4E40022447E /* AppDelegate.swift */; };
		3D3148982455D4E40022447E /* SceneDelegate.swift in Sources */ = {isa = PBXBuildFile; fileRef = 3D3148972455D4E40022447E /* SceneDelegate.swift */; };
		3D31489A2455D4E40022447E /* ContentView.swift in Sources */ = {isa = PBXBuildFile; fileRef = 3D3148992455D4E40022447E /* ContentView.swift */; };
		3D31489C2455D4E60022447E /* Assets.xcassets in Resources */ = {isa = PBXBuildFile; fileRef = 3D31489B2455D4E60022447E /* Assets.xcassets */; };
		3D31489F2455D4E60022447E /* Preview Assets.xcassets in Resources */ = {isa = PBXBuildFile; fileRef = 3D31489E2455D4E60022447E /* Preview Assets.xcassets */; };
		3D3148A22455D4E60022447E /* LaunchScreen.storyboard in Resources */ = {isa = PBXBuildFile; fileRef = 3D3148A02455D4E60022447E /* LaunchScreen.storyboard */; };
		3D3148AE2455D5580022447E /* Int-Ext.swift in Sources */ = {isa = PBXBuildFile; fileRef = 3D3148AD2455D5580022447E /* Int-Ext.swift */; };
		3D3148B02455D77C0022447E /* MyTimer.swift in Sources */ = {isa = PBXBuildFile; fileRef = 3D3148AF2455D77C0022447E /* MyTimer.swift */; };
		3D3148B62455E3E60022447E /* Lottie in Frameworks */ = {isa = PBXBuildFile; productRef = 3D3148B52455E3E60022447E /* Lottie */; };
		3D3148B82455E5FF0022447E /* LottieView.swift in Sources */ = {isa = PBXBuildFile; fileRef = 3D3148B72455E5FF0022447E /* LottieView.swift */; };
		3D3148BA2455E6680022447E /* TimerCardView.swift in Sources */ = {isa = PBXBuildFile; fileRef = 3D3148B92455E6680022447E /* TimerCardView.swift */; };
		3D47E1C324660B9100EB6280 /* ButtonView.swift in Sources */ = {isa = PBXBuildFile; fileRef = 3D47E1C224660B9100EB6280 /* ButtonView.swift */; };
		3D47E1C524660BAE00EB6280 /* Color-Ext.swift in Sources */ = {isa = PBXBuildFile; fileRef = 3D47E1C424660BAE00EB6280 /* Color-Ext.swift */; };
		3D56B7B6245782E50042BB0F /* WelcomeView.swift in Sources */ = {isa = PBXBuildFile; fileRef = 3D56B7B5245782E50042BB0F /* WelcomeView.swift */; };
		3D7696C124715519003E18A4 /* Target.swift in Sources */ = {isa = PBXBuildFile; fileRef = 3D7696C024715519003E18A4 /* Target.swift */; };
		3D775040245A075A00144355 /* Constants.swift in Sources */ = {isa = PBXBuildFile; fileRef = 3D77503F245A075A00144355 /* Constants.swift */; };
		3D775042245A085D00144355 /* FileManager-Ext.swift in Sources */ = {isa = PBXBuildFile; fileRef = 3D775041245A085D00144355 /* FileManager-Ext.swift */; };
		3D775045245A128F00144355 /* TaskCellView.swift in Sources */ = {isa = PBXBuildFile; fileRef = 3D775044245A128F00144355 /* TaskCellView.swift */; };
		3D775047245A149000144355 /* UIApplication-Ext.swift in Sources */ = {isa = PBXBuildFile; fileRef = 3D775046245A149000144355 /* UIApplication-Ext.swift */; };
		3D7DA88E246B2435007E3D91 /* ProgressDotView.swift in Sources */ = {isa = PBXBuildFile; fileRef = 3D7DA88D246B2435007E3D91 /* ProgressDotView.swift */; };
		3D7DA890246B2F51007E3D91 /* View-Ext.swift in Sources */ = {isa = PBXBuildFile; fileRef = 3D7DA88F246B2F51007E3D91 /* View-Ext.swift */; };
		3D7DC169245896FB00F58087 /* Task.swift in Sources */ = {isa = PBXBuildFile; fileRef = 3D7DC168245896FB00F58087 /* Task.swift */; };
		3D7DE2FA245DE9AF00246957 /* LoggingRecord.swift in Sources */ = {isa = PBXBuildFile; fileRef = 3D7DE2F9245DE9AF00246957 /* LoggingRecord.swift */; };
		3D7DE2FC245DE9FB00246957 /* TasksViewModel.swift in Sources */ = {isa = PBXBuildFile; fileRef = 3D7DE2FB245DE9FB00246957 /* TasksViewModel.swift */; };
		3D7DE2FE245E277800246957 /* Date-Ext.swift in Sources */ = {isa = PBXBuildFile; fileRef = 3D7DE2FD245E277800246957 /* Date-Ext.swift */; };
		3D82A43F2460991900725CFC /* LogRecordListItemView.swift in Sources */ = {isa = PBXBuildFile; fileRef = 3D82A43E2460991900725CFC /* LogRecordListItemView.swift */; };
		3D82A4412461DBAB00725CFC /* EditLogRecordView.swift in Sources */ = {isa = PBXBuildFile; fileRef = 3D82A4402461DBAA00725CFC /* EditLogRecordView.swift */; };
		3D8F6ACF2476EC62001175A5 /* BarView.swift in Sources */ = {isa = PBXBuildFile; fileRef = 3D8F6ACE2476EC62001175A5 /* BarView.swift */; };
		3D904A1F2457691A000A4989 /* ProgressBarView.swift in Sources */ = {isa = PBXBuildFile; fileRef = 3D904A1E2457691A000A4989 /* ProgressBarView.swift */; };
		3D904A2224577C63000A4989 /* clock-simple-animated.json in Resources */ = {isa = PBXBuildFile; fileRef = 3D904A2124577C63000A4989 /* clock-simple-animated.json */; };
		3D91F6212468AD6700DB3736 /* clockCoral.json in Resources */ = {isa = PBXBuildFile; fileRef = 3D91F61F2468AD6600DB3736 /* clockCoral.json */; };
		3D91F6222468AD6700DB3736 /* clockBlue.json in Resources */ = {isa = PBXBuildFile; fileRef = 3D91F6202468AD6700DB3736 /* clockBlue.json */; };
		3D9B0465245B62A200268783 /* PreviewMockData.swift in Sources */ = {isa = PBXBuildFile; fileRef = 3D9B0464245B62A200268783 /* PreviewMockData.swift */; };
		3D9B0467245B79DB00268783 /* Array-Ext.swift in Sources */ = {isa = PBXBuildFile; fileRef = 3D9B0466245B79DB00268783 /* Array-Ext.swift */; };
		3DA6000624633A2600F2913E /* NotificationManager.swift in Sources */ = {isa = PBXBuildFile; fileRef = 3DA6000524633A2600F2913E /* NotificationManager.swift */; };
		3DC841002465758E0079027E /* RingView.swift in Sources */ = {isa = PBXBuildFile; fileRef = 3DC840FF2465758E0079027E /* RingView.swift */; };
		3DE1EB11246493BA0023B30D /* PomodoroView.swift in Sources */ = {isa = PBXBuildFile; fileRef = 3DE1EB10246493BA0023B30D /* PomodoroView.swift */; };
		3DE1EB16246495240023B30D /* PomodoroModel.swift in Sources */ = {isa = PBXBuildFile; fileRef = 3DE1EB15246495240023B30D /* PomodoroModel.swift */; };
		3DE1EB1A24649E960023B30D /* TimeDisplay.swift in Sources */ = {isa = PBXBuildFile; fileRef = 3DE1EB1924649E960023B30D /* TimeDisplay.swift */; };
		3DF791A0245F0F2900CB5DB7 /* LogRecordListView.swift in Sources */ = {isa = PBXBuildFile; fileRef = 3DF7919F245F0F2900CB5DB7 /* LogRecordListView.swift */; };
/* End PBXBuildFile section */

/* Begin PBXFileReference section */
		3D09898C246DBDF200E520E2 /* PomodoroSettingsView.swift */ = {isa = PBXFileReference; lastKnownFileType = sourcecode.swift; path = PomodoroSettingsView.swift; sourceTree = "<group>"; };
		3D0F7F0E246C7AD800AB3874 /* PopUpView.swift */ = {isa = PBXFileReference; lastKnownFileType = sourcecode.swift; path = PopUpView.swift; sourceTree = "<group>"; };
		3D227CF0245B4F17007FCF2E /* TaskCellFrontView.swift */ = {isa = PBXFileReference; lastKnownFileType = sourcecode.swift; path = TaskCellFrontView.swift; sourceTree = "<group>"; };
		3D227CF2245B4F24007FCF2E /* TaskCellBackView.swift */ = {isa = PBXFileReference; lastKnownFileType = sourcecode.swift; path = TaskCellBackView.swift; sourceTree = "<group>"; };
		3D3148922455D4E40022447E /* Fluid.app */ = {isa = PBXFileReference; explicitFileType = wrapper.application; includeInIndex = 0; path = Fluid.app; sourceTree = BUILT_PRODUCTS_DIR; };
		3D3148952455D4E40022447E /* AppDelegate.swift */ = {isa = PBXFileReference; lastKnownFileType = sourcecode.swift; path = AppDelegate.swift; sourceTree = "<group>"; };
		3D3148972455D4E40022447E /* SceneDelegate.swift */ = {isa = PBXFileReference; lastKnownFileType = sourcecode.swift; path = SceneDelegate.swift; sourceTree = "<group>"; };
		3D3148992455D4E40022447E /* ContentView.swift */ = {isa = PBXFileReference; lastKnownFileType = sourcecode.swift; path = ContentView.swift; sourceTree = "<group>"; };
		3D31489B2455D4E60022447E /* Assets.xcassets */ = {isa = PBXFileReference; lastKnownFileType = folder.assetcatalog; path = Assets.xcassets; sourceTree = "<group>"; };
		3D31489E2455D4E60022447E /* Preview Assets.xcassets */ = {isa = PBXFileReference; lastKnownFileType = folder.assetcatalog; path = "Preview Assets.xcassets"; sourceTree = "<group>"; };
		3D3148A12455D4E60022447E /* Base */ = {isa = PBXFileReference; lastKnownFileType = file.storyboard; name = Base; path = Base.lproj/LaunchScreen.storyboard; sourceTree = "<group>"; };
		3D3148A32455D4E60022447E /* Info.plist */ = {isa = PBXFileReference; lastKnownFileType = text.plist.xml; path = Info.plist; sourceTree = "<group>"; };
		3D3148AD2455D5580022447E /* Int-Ext.swift */ = {isa = PBXFileReference; lastKnownFileType = sourcecode.swift; path = "Int-Ext.swift"; sourceTree = "<group>"; };
		3D3148AF2455D77C0022447E /* MyTimer.swift */ = {isa = PBXFileReference; lastKnownFileType = sourcecode.swift; path = MyTimer.swift; sourceTree = "<group>"; };
		3D3148B72455E5FF0022447E /* LottieView.swift */ = {isa = PBXFileReference; lastKnownFileType = sourcecode.swift; path = LottieView.swift; sourceTree = "<group>"; };
		3D3148B92455E6680022447E /* TimerCardView.swift */ = {isa = PBXFileReference; lastKnownFileType = sourcecode.swift; path = TimerCardView.swift; sourceTree = "<group>"; };
		3D47E1C224660B9100EB6280 /* ButtonView.swift */ = {isa = PBXFileReference; lastKnownFileType = sourcecode.swift; path = ButtonView.swift; sourceTree = "<group>"; };
		3D47E1C424660BAE00EB6280 /* Color-Ext.swift */ = {isa = PBXFileReference; lastKnownFileType = sourcecode.swift; path = "Color-Ext.swift"; sourceTree = "<group>"; };
		3D56B7B5245782E50042BB0F /* WelcomeView.swift */ = {isa = PBXFileReference; lastKnownFileType = sourcecode.swift; path = WelcomeView.swift; sourceTree = "<group>"; };
		3D7696C024715519003E18A4 /* Target.swift */ = {isa = PBXFileReference; lastKnownFileType = sourcecode.swift; path = Target.swift; sourceTree = "<group>"; };
		3D77503F245A075A00144355 /* Constants.swift */ = {isa = PBXFileReference; lastKnownFileType = sourcecode.swift; path = Constants.swift; sourceTree = "<group>"; };
		3D775041245A085D00144355 /* FileManager-Ext.swift */ = {isa = PBXFileReference; lastKnownFileType = sourcecode.swift; path = "FileManager-Ext.swift"; sourceTree = "<group>"; };
		3D775044245A128F00144355 /* TaskCellView.swift */ = {isa = PBXFileReference; lastKnownFileType = sourcecode.swift; path = TaskCellView.swift; sourceTree = "<group>"; };
		3D775046245A149000144355 /* UIApplication-Ext.swift */ = {isa = PBXFileReference; lastKnownFileType = sourcecode.swift; path = "UIApplication-Ext.swift"; sourceTree = "<group>"; };
		3D7DA88D246B2435007E3D91 /* ProgressDotView.swift */ = {isa = PBXFileReference; lastKnownFileType = sourcecode.swift; path = ProgressDotView.swift; sourceTree = "<group>"; };
		3D7DA88F246B2F51007E3D91 /* View-Ext.swift */ = {isa = PBXFileReference; lastKnownFileType = sourcecode.swift; path = "View-Ext.swift"; sourceTree = "<group>"; };
		3D7DC168245896FB00F58087 /* Task.swift */ = {isa = PBXFileReference; lastKnownFileType = sourcecode.swift; path = Task.swift; sourceTree = "<group>"; };
		3D7DE2F9245DE9AF00246957 /* LoggingRecord.swift */ = {isa = PBXFileReference; lastKnownFileType = sourcecode.swift; path = LoggingRecord.swift; sourceTree = "<group>"; };
		3D7DE2FB245DE9FB00246957 /* TasksViewModel.swift */ = {isa = PBXFileReference; lastKnownFileType = sourcecode.swift; path = TasksViewModel.swift; sourceTree = "<group>"; };
		3D7DE2FD245E277800246957 /* Date-Ext.swift */ = {isa = PBXFileReference; lastKnownFileType = sourcecode.swift; path = "Date-Ext.swift"; sourceTree = "<group>"; };
		3D82A43E2460991900725CFC /* LogRecordListItemView.swift */ = {isa = PBXFileReference; lastKnownFileType = sourcecode.swift; path = LogRecordListItemView.swift; sourceTree = "<group>"; };
		3D82A4402461DBAA00725CFC /* EditLogRecordView.swift */ = {isa = PBXFileReference; lastKnownFileType = sourcecode.swift; path = EditLogRecordView.swift; sourceTree = "<group>"; };
		3D8F6ACE2476EC62001175A5 /* BarView.swift */ = {isa = PBXFileReference; lastKnownFileType = sourcecode.swift; path = BarView.swift; sourceTree = "<group>"; };
		3D904A1E2457691A000A4989 /* ProgressBarView.swift */ = {isa = PBXFileReference; lastKnownFileType = sourcecode.swift; path = ProgressBarView.swift; sourceTree = "<group>"; };
		3D904A2124577C63000A4989 /* clock-simple-animated.json */ = {isa = PBXFileReference; fileEncoding = 4; lastKnownFileType = text.json; path = "clock-simple-animated.json"; sourceTree = "<group>"; };
		3D91F61F2468AD6600DB3736 /* clockCoral.json */ = {isa = PBXFileReference; fileEncoding = 4; lastKnownFileType = text.json; path = clockCoral.json; sourceTree = "<group>"; };
		3D91F6202468AD6700DB3736 /* clockBlue.json */ = {isa = PBXFileReference; fileEncoding = 4; lastKnownFileType = text.json; path = clockBlue.json; sourceTree = "<group>"; };
		3D9B0464245B62A200268783 /* PreviewMockData.swift */ = {isa = PBXFileReference; lastKnownFileType = sourcecode.swift; path = PreviewMockData.swift; sourceTree = "<group>"; };
		3D9B0466245B79DB00268783 /* Array-Ext.swift */ = {isa = PBXFileReference; lastKnownFileType = sourcecode.swift; path = "Array-Ext.swift"; sourceTree = "<group>"; };
		3DA6000524633A2600F2913E /* NotificationManager.swift */ = {isa = PBXFileReference; lastKnownFileType = sourcecode.swift; path = NotificationManager.swift; sourceTree = "<group>"; };
		3DC840FF2465758E0079027E /* RingView.swift */ = {isa = PBXFileReference; lastKnownFileType = sourcecode.swift; path = RingView.swift; sourceTree = "<group>"; };
		3DE1EB10246493BA0023B30D /* PomodoroView.swift */ = {isa = PBXFileReference; lastKnownFileType = sourcecode.swift; path = PomodoroView.swift; sourceTree = "<group>"; };
		3DE1EB15246495240023B30D /* PomodoroModel.swift */ = {isa = PBXFileReference; lastKnownFileType = sourcecode.swift; path = PomodoroModel.swift; sourceTree = "<group>"; };
		3DE1EB1924649E960023B30D /* TimeDisplay.swift */ = {isa = PBXFileReference; lastKnownFileType = sourcecode.swift; path = TimeDisplay.swift; sourceTree = "<group>"; };
		3DF7919F245F0F2900CB5DB7 /* LogRecordListView.swift */ = {isa = PBXFileReference; lastKnownFileType = sourcecode.swift; path = LogRecordListView.swift; sourceTree = "<group>"; };
/* End PBXFileReference section */

/* Begin PBXFrameworksBuildPhase section */
		3D31488F2455D4E40022447E /* Frameworks */ = {
			isa = PBXFrameworksBuildPhase;
			buildActionMask = 2147483647;
			files = (
				3D3148B62455E3E60022447E /* Lottie in Frameworks */,
			);
			runOnlyForDeploymentPostprocessing = 0;
		};
/* End PBXFrameworksBuildPhase section */

/* Begin PBXGroup section */
		3D227CF4245B535F007FCF2E /* TaskCellView */ = {
			isa = PBXGroup;
			children = (
				3D775044245A128F00144355 /* TaskCellView.swift */,
				3D227CF5245B536F007FCF2E /* ComponentViews */,
			);
			path = TaskCellView;
			sourceTree = "<group>";
		};
		3D227CF5245B536F007FCF2E /* ComponentViews */ = {
			isa = PBXGroup;
			children = (
				3D227CF0245B4F17007FCF2E /* TaskCellFrontView.swift */,
				3D227CF2245B4F24007FCF2E /* TaskCellBackView.swift */,
				3DF7919F245F0F2900CB5DB7 /* LogRecordListView.swift */,
				3D82A43E2460991900725CFC /* LogRecordListItemView.swift */,
				3D82A4402461DBAA00725CFC /* EditLogRecordView.swift */,
			);
			path = ComponentViews;
			sourceTree = "<group>";
		};
		3D3148892455D4E40022447E = {
			isa = PBXGroup;
			children = (
				3D3148942455D4E40022447E /* Fluid */,
				3D3148932455D4E40022447E /* Products */,
			);
			sourceTree = "<group>";
		};
		3D3148932455D4E40022447E /* Products */ = {
			isa = PBXGroup;
			children = (
				3D3148922455D4E40022447E /* Fluid.app */,
			);
			name = Products;
			sourceTree = "<group>";
		};
		3D3148942455D4E40022447E /* Fluid */ = {
			isa = PBXGroup;
			children = (
				3DA6000424633A1300F2913E /* Managers */,
				3D3148AC2455D5220022447E /* Views */,
				3D3148AB2455D5190022447E /* Extensions */,
				3D3148AA2455D5120022447E /* Model */,
				3D3148A92455D5000022447E /* Utilities */,
				3D904A2024577C40000A4989 /* Animations */,
				3D775043245A098400144355 /* Support */,
				3D3148A32455D4E60022447E /* Info.plist */,
				3D31489D2455D4E60022447E /* Preview Content */,
			);
			path = Fluid;
			sourceTree = "<group>";
		};
		3D31489D2455D4E60022447E /* Preview Content */ = {
			isa = PBXGroup;
			children = (
				3D31489E2455D4E60022447E /* Preview Assets.xcassets */,
			);
			path = "Preview Content";
			sourceTree = "<group>";
		};
		3D3148A92455D5000022447E /* Utilities */ = {
			isa = PBXGroup;
			children = (
				3D3148B72455E5FF0022447E /* LottieView.swift */,
				3D3148AF2455D77C0022447E /* MyTimer.swift */,
				3D77503F245A075A00144355 /* Constants.swift */,
				3D9B0464245B62A200268783 /* PreviewMockData.swift */,
			);
			path = Utilities;
			sourceTree = "<group>";
		};
		3D3148AA2455D5120022447E /* Model */ = {
			isa = PBXGroup;
			children = (
				3D7DC168245896FB00F58087 /* Task.swift */,
				3D7DE2F9245DE9AF00246957 /* LoggingRecord.swift */,
				3D7DE2FB245DE9FB00246957 /* TasksViewModel.swift */,
				3D7696C024715519003E18A4 /* Target.swift */,
			);
			path = Model;
			sourceTree = "<group>";
		};
		3D3148AB2455D5190022447E /* Extensions */ = {
			isa = PBXGroup;
			children = (
				3D3148AD2455D5580022447E /* Int-Ext.swift */,
				3D775041245A085D00144355 /* FileManager-Ext.swift */,
				3D775046245A149000144355 /* UIApplication-Ext.swift */,
				3D9B0466245B79DB00268783 /* Array-Ext.swift */,
				3D7DE2FD245E277800246957 /* Date-Ext.swift */,
				3D47E1C424660BAE00EB6280 /* Color-Ext.swift */,
				3D7DA88F246B2F51007E3D91 /* View-Ext.swift */,
			);
			path = Extensions;
			sourceTree = "<group>";
		};
		3D3148AC2455D5220022447E /* Views */ = {
			isa = PBXGroup;
			children = (
				3D8F6ACC2476EBCF001175A5 /* GraphView */,
				3DB1CEBE245A246900D25BF4 /* MAIN */,
				3DE1EB142464950B0023B30D /* PomodoroView */,
				3D3148B12455E2140022447E /* TimerCardView */,
				3D227CF4245B535F007FCF2E /* TaskCellView */,
				3D56B7B4245782D50042BB0F /* WelcomeView */,
				3D3148B32455E22B0022447E /* SharedViews */,
			);
			path = Views;
			sourceTree = "<group>";
		};
		3D3148B12455E2140022447E /* TimerCardView */ = {
			isa = PBXGroup;
			children = (
				3D3148B92455E6680022447E /* TimerCardView.swift */,
				3D3148B22455E21F0022447E /* ComponentViews */,
			);
			path = TimerCardView;
			sourceTree = "<group>";
		};
		3D3148B22455E21F0022447E /* ComponentViews */ = {
			isa = PBXGroup;
			children = (
				3DE1EB1924649E960023B30D /* TimeDisplay.swift */,
			);
			path = ComponentViews;
			sourceTree = "<group>";
		};
		3D3148B32455E22B0022447E /* SharedViews */ = {
			isa = PBXGroup;
			children = (
				3D47E1C224660B9100EB6280 /* ButtonView.swift */,
				3D0F7F0E246C7AD800AB3874 /* PopUpView.swift */,
			);
			path = SharedViews;
			sourceTree = "<group>";
		};
		3D56B7B4245782D50042BB0F /* WelcomeView */ = {
			isa = PBXGroup;
			children = (
				3D56B7B5245782E50042BB0F /* WelcomeView.swift */,
			);
			path = WelcomeView;
			sourceTree = "<group>";
		};
		3D775043245A098400144355 /* Support */ = {
			isa = PBXGroup;
			children = (
				3D31489B2455D4E60022447E /* Assets.xcassets */,
				3D3148952455D4E40022447E /* AppDelegate.swift */,
				3D3148972455D4E40022447E /* SceneDelegate.swift */,
				3D3148A02455D4E60022447E /* LaunchScreen.storyboard */,
			);
			path = Support;
			sourceTree = "<group>";
		};
		3D8F6ACC2476EBCF001175A5 /* GraphView */ = {
			isa = PBXGroup;
			children = (
				3D8F6ACD2476EC52001175A5 /* ComponentViews */,
			);
			path = GraphView;
			sourceTree = "<group>";
		};
		3D8F6ACD2476EC52001175A5 /* ComponentViews */ = {
			isa = PBXGroup;
			children = (
				3D8F6ACE2476EC62001175A5 /* BarView.swift */,
			);
			path = ComponentViews;
			sourceTree = "<group>";
		};
		3D904A2024577C40000A4989 /* Animations */ = {
			isa = PBXGroup;
			children = (
				3D91F6202468AD6700DB3736 /* clockBlue.json */,
				3D91F61F2468AD6600DB3736 /* clockCoral.json */,
				3D904A2124577C63000A4989 /* clock-simple-animated.json */,
			);
			path = Animations;
			sourceTree = "<group>";
		};
		3DA6000424633A1300F2913E /* Managers */ = {
			isa = PBXGroup;
			children = (
				3DA6000524633A2600F2913E /* NotificationManager.swift */,
			);
			path = Managers;
			sourceTree = "<group>";
		};
		3DB1CEBE245A246900D25BF4 /* MAIN */ = {
			isa = PBXGroup;
			children = (
				3D3148992455D4E40022447E /* ContentView.swift */,
				3DB1CEBF245A247700D25BF4 /* ComponentViews */,
			);
			path = MAIN;
			sourceTree = "<group>";
		};
		3DB1CEBF245A247700D25BF4 /* ComponentViews */ = {
			isa = PBXGroup;
			children = (
			);
			path = ComponentViews;
			sourceTree = "<group>";
		};
		3DE1EB142464950B0023B30D /* PomodoroView */ = {
			isa = PBXGroup;
			children = (
				3DE1EB10246493BA0023B30D /* PomodoroView.swift */,
				3DE1EB15246495240023B30D /* PomodoroModel.swift */,
				3DC840FF2465758E0079027E /* RingView.swift */,
				3D7DA88D246B2435007E3D91 /* ProgressDotView.swift */,
				3D904A1E2457691A000A4989 /* ProgressBarView.swift */,
				3D09898C246DBDF200E520E2 /* PomodoroSettingsView.swift */,
			);
			path = PomodoroView;
			sourceTree = "<group>";
		};
/* End PBXGroup section */

/* Begin PBXNativeTarget section */
		3D3148912455D4E40022447E /* Fluid */ = {
			isa = PBXNativeTarget;
			buildConfigurationList = 3D3148A62455D4E60022447E /* Build configuration list for PBXNativeTarget "Fluid" */;
			buildPhases = (
				3D31488E2455D4E40022447E /* Sources */,
				3D31488F2455D4E40022447E /* Frameworks */,
				3D3148902455D4E40022447E /* Resources */,
			);
			buildRules = (
			);
			dependencies = (
			);
			name = Fluid;
			packageProductDependencies = (
				3D3148B52455E3E60022447E /* Lottie */,
			);
			productName = Fluid;
			productReference = 3D3148922455D4E40022447E /* Fluid.app */;
			productType = "com.apple.product-type.application";
		};
/* End PBXNativeTarget section */

/* Begin PBXProject section */
		3D31488A2455D4E40022447E /* Project object */ = {
			isa = PBXProject;
			attributes = {
				LastSwiftUpdateCheck = 1140;
				LastUpgradeCheck = 1140;
				ORGANIZATIONNAME = "Aidan Pendlebury";
				TargetAttributes = {
					3D3148912455D4E40022447E = {
						CreatedOnToolsVersion = 11.4.1;
					};
				};
			};
			buildConfigurationList = 3D31488D2455D4E40022447E /* Build configuration list for PBXProject "Fluid" */;
			compatibilityVersion = "Xcode 9.3";
			developmentRegion = en;
			hasScannedForEncodings = 0;
			knownRegions = (
				en,
				Base,
			);
			mainGroup = 3D3148892455D4E40022447E;
			packageReferences = (
				3D3148B42455E3E60022447E /* XCRemoteSwiftPackageReference "lottie-ios" */,
			);
			productRefGroup = 3D3148932455D4E40022447E /* Products */;
			projectDirPath = "";
			projectRoot = "";
			targets = (
				3D3148912455D4E40022447E /* Fluid */,
			);
		};
/* End PBXProject section */

/* Begin PBXResourcesBuildPhase section */
		3D3148902455D4E40022447E /* Resources */ = {
			isa = PBXResourcesBuildPhase;
			buildActionMask = 2147483647;
			files = (
				3D3148A22455D4E60022447E /* LaunchScreen.storyboard in Resources */,
				3D91F6212468AD6700DB3736 /* clockCoral.json in Resources */,
				3D91F6222468AD6700DB3736 /* clockBlue.json in Resources */,
				3D904A2224577C63000A4989 /* clock-simple-animated.json in Resources */,
				3D31489F2455D4E60022447E /* Preview Assets.xcassets in Resources */,
				3D31489C2455D4E60022447E /* Assets.xcassets in Resources */,
			);
			runOnlyForDeploymentPostprocessing = 0;
		};
/* End PBXResourcesBuildPhase section */

/* Begin PBXSourcesBuildPhase section */
		3D31488E2455D4E40022447E /* Sources */ = {
			isa = PBXSourcesBuildPhase;
			buildActionMask = 2147483647;
			files = (
				3DC841002465758E0079027E /* RingView.swift in Sources */,
				3D0F7F0F246C7AD800AB3874 /* PopUpView.swift in Sources */,
				3D3148BA2455E6680022447E /* TimerCardView.swift in Sources */,
				3D7DA890246B2F51007E3D91 /* View-Ext.swift in Sources */,
				3D3148962455D4E40022447E /* AppDelegate.swift in Sources */,
				3D775045245A128F00144355 /* TaskCellView.swift in Sources */,
				3D7DC169245896FB00F58087 /* Task.swift in Sources */,
				3D82A4412461DBAB00725CFC /* EditLogRecordView.swift in Sources */,
				3DE1EB1A24649E960023B30D /* TimeDisplay.swift in Sources */,
				3D7DA88E246B2435007E3D91 /* ProgressDotView.swift in Sources */,
				3D47E1C524660BAE00EB6280 /* Color-Ext.swift in Sources */,
				3D3148AE2455D5580022447E /* Int-Ext.swift in Sources */,
				3D7DE2FA245DE9AF00246957 /* LoggingRecord.swift in Sources */,
				3D3148982455D4E40022447E /* SceneDelegate.swift in Sources */,
				3D9B0465245B62A200268783 /* PreviewMockData.swift in Sources */,
				3DE1EB11246493BA0023B30D /* PomodoroView.swift in Sources */,
				3DE1EB16246495240023B30D /* PomodoroModel.swift in Sources */,
				3DF791A0245F0F2900CB5DB7 /* LogRecordListView.swift in Sources */,
				3D56B7B6245782E50042BB0F /* WelcomeView.swift in Sources */,
				3D7DE2FE245E277800246957 /* Date-Ext.swift in Sources */,
				3D3148B02455D77C0022447E /* MyTimer.swift in Sources */,
				3D09898D246DBDF200E520E2 /* PomodoroSettingsView.swift in Sources */,
				3D904A1F2457691A000A4989 /* ProgressBarView.swift in Sources */,
				3D82A43F2460991900725CFC /* LogRecordListItemView.swift in Sources */,
				3D31489A2455D4E40022447E /* ContentView.swift in Sources */,
				3D8F6ACF2476EC62001175A5 /* BarView.swift in Sources */,
				3D775047245A149000144355 /* UIApplication-Ext.swift in Sources */,
				3D7DE2FC245DE9FB00246957 /* TasksViewModel.swift in Sources */,
				3D775042245A085D00144355 /* FileManager-Ext.swift in Sources */,
				3D9B0467245B79DB00268783 /* Array-Ext.swift in Sources */,
				3D227CF1245B4F17007FCF2E /* TaskCellFrontView.swift in Sources */,
				3D7696C124715519003E18A4 /* Target.swift in Sources */,
				3D3148B82455E5FF0022447E /* LottieView.swift in Sources */,
				3DA6000624633A2600F2913E /* NotificationManager.swift in Sources */,
				3D47E1C324660B9100EB6280 /* ButtonView.swift in Sources */,
				3D227CF3245B4F24007FCF2E /* TaskCellBackView.swift in Sources */,
				3D775040245A075A00144355 /* Constants.swift in Sources */,
			);
			runOnlyForDeploymentPostprocessing = 0;
		};
/* End PBXSourcesBuildPhase section */

/* Begin PBXVariantGroup section */
		3D3148A02455D4E60022447E /* LaunchScreen.storyboard */ = {
			isa = PBXVariantGroup;
			children = (
				3D3148A12455D4E60022447E /* Base */,
			);
			name = LaunchScreen.storyboard;
			sourceTree = "<group>";
		};
/* End PBXVariantGroup section */

/* Begin XCBuildConfiguration section */
		3D3148A42455D4E60022447E /* Debug */ = {
			isa = XCBuildConfiguration;
			buildSettings = {
				ALWAYS_SEARCH_USER_PATHS = NO;
				CLANG_ANALYZER_NONNULL = YES;
				CLANG_ANALYZER_NUMBER_OBJECT_CONVERSION = YES_AGGRESSIVE;
				CLANG_CXX_LANGUAGE_STANDARD = "gnu++14";
				CLANG_CXX_LIBRARY = "libc++";
				CLANG_ENABLE_MODULES = YES;
				CLANG_ENABLE_OBJC_ARC = YES;
				CLANG_ENABLE_OBJC_WEAK = YES;
				CLANG_WARN_BLOCK_CAPTURE_AUTORELEASING = YES;
				CLANG_WARN_BOOL_CONVERSION = YES;
				CLANG_WARN_COMMA = YES;
				CLANG_WARN_CONSTANT_CONVERSION = YES;
				CLANG_WARN_DEPRECATED_OBJC_IMPLEMENTATIONS = YES;
				CLANG_WARN_DIRECT_OBJC_ISA_USAGE = YES_ERROR;
				CLANG_WARN_DOCUMENTATION_COMMENTS = YES;
				CLANG_WARN_EMPTY_BODY = YES;
				CLANG_WARN_ENUM_CONVERSION = YES;
				CLANG_WARN_INFINITE_RECURSION = YES;
				CLANG_WARN_INT_CONVERSION = YES;
				CLANG_WARN_NON_LITERAL_NULL_CONVERSION = YES;
				CLANG_WARN_OBJC_IMPLICIT_RETAIN_SELF = YES;
				CLANG_WARN_OBJC_LITERAL_CONVERSION = YES;
				CLANG_WARN_OBJC_ROOT_CLASS = YES_ERROR;
				CLANG_WARN_RANGE_LOOP_ANALYSIS = YES;
				CLANG_WARN_STRICT_PROTOTYPES = YES;
				CLANG_WARN_SUSPICIOUS_MOVE = YES;
				CLANG_WARN_UNGUARDED_AVAILABILITY = YES_AGGRESSIVE;
				CLANG_WARN_UNREACHABLE_CODE = YES;
				CLANG_WARN__DUPLICATE_METHOD_MATCH = YES;
				COPY_PHASE_STRIP = NO;
				DEBUG_INFORMATION_FORMAT = dwarf;
				ENABLE_STRICT_OBJC_MSGSEND = YES;
				ENABLE_TESTABILITY = YES;
				GCC_C_LANGUAGE_STANDARD = gnu11;
				GCC_DYNAMIC_NO_PIC = NO;
				GCC_NO_COMMON_BLOCKS = YES;
				GCC_OPTIMIZATION_LEVEL = 0;
				GCC_PREPROCESSOR_DEFINITIONS = (
					"DEBUG=1",
					"$(inherited)",
				);
				GCC_WARN_64_TO_32_BIT_CONVERSION = YES;
				GCC_WARN_ABOUT_RETURN_TYPE = YES_ERROR;
				GCC_WARN_UNDECLARED_SELECTOR = YES;
				GCC_WARN_UNINITIALIZED_AUTOS = YES_AGGRESSIVE;
				GCC_WARN_UNUSED_FUNCTION = YES;
				GCC_WARN_UNUSED_VARIABLE = YES;
				IPHONEOS_DEPLOYMENT_TARGET = 13.4;
				MTL_ENABLE_DEBUG_INFO = INCLUDE_SOURCE;
				MTL_FAST_MATH = YES;
				ONLY_ACTIVE_ARCH = YES;
				SDKROOT = iphoneos;
				SWIFT_ACTIVE_COMPILATION_CONDITIONS = DEBUG;
				SWIFT_OPTIMIZATION_LEVEL = "-Onone";
			};
			name = Debug;
		};
		3D3148A52455D4E60022447E /* Release */ = {
			isa = XCBuildConfiguration;
			buildSettings = {
				ALWAYS_SEARCH_USER_PATHS = NO;
				CLANG_ANALYZER_NONNULL = YES;
				CLANG_ANALYZER_NUMBER_OBJECT_CONVERSION = YES_AGGRESSIVE;
				CLANG_CXX_LANGUAGE_STANDARD = "gnu++14";
				CLANG_CXX_LIBRARY = "libc++";
				CLANG_ENABLE_MODULES = YES;
				CLANG_ENABLE_OBJC_ARC = YES;
				CLANG_ENABLE_OBJC_WEAK = YES;
				CLANG_WARN_BLOCK_CAPTURE_AUTORELEASING = YES;
				CLANG_WARN_BOOL_CONVERSION = YES;
				CLANG_WARN_COMMA = YES;
				CLANG_WARN_CONSTANT_CONVERSION = YES;
				CLANG_WARN_DEPRECATED_OBJC_IMPLEMENTATIONS = YES;
				CLANG_WARN_DIRECT_OBJC_ISA_USAGE = YES_ERROR;
				CLANG_WARN_DOCUMENTATION_COMMENTS = YES;
				CLANG_WARN_EMPTY_BODY = YES;
				CLANG_WARN_ENUM_CONVERSION = YES;
				CLANG_WARN_INFINITE_RECURSION = YES;
				CLANG_WARN_INT_CONVERSION = YES;
				CLANG_WARN_NON_LITERAL_NULL_CONVERSION = YES;
				CLANG_WARN_OBJC_IMPLICIT_RETAIN_SELF = YES;
				CLANG_WARN_OBJC_LITERAL_CONVERSION = YES;
				CLANG_WARN_OBJC_ROOT_CLASS = YES_ERROR;
				CLANG_WARN_RANGE_LOOP_ANALYSIS = YES;
				CLANG_WARN_STRICT_PROTOTYPES = YES;
				CLANG_WARN_SUSPICIOUS_MOVE = YES;
				CLANG_WARN_UNGUARDED_AVAILABILITY = YES_AGGRESSIVE;
				CLANG_WARN_UNREACHABLE_CODE = YES;
				CLANG_WARN__DUPLICATE_METHOD_MATCH = YES;
				COPY_PHASE_STRIP = NO;
				DEBUG_INFORMATION_FORMAT = "dwarf-with-dsym";
				ENABLE_NS_ASSERTIONS = NO;
				ENABLE_STRICT_OBJC_MSGSEND = YES;
				GCC_C_LANGUAGE_STANDARD = gnu11;
				GCC_NO_COMMON_BLOCKS = YES;
				GCC_WARN_64_TO_32_BIT_CONVERSION = YES;
				GCC_WARN_ABOUT_RETURN_TYPE = YES_ERROR;
				GCC_WARN_UNDECLARED_SELECTOR = YES;
				GCC_WARN_UNINITIALIZED_AUTOS = YES_AGGRESSIVE;
				GCC_WARN_UNUSED_FUNCTION = YES;
				GCC_WARN_UNUSED_VARIABLE = YES;
				IPHONEOS_DEPLOYMENT_TARGET = 13.4;
				MTL_ENABLE_DEBUG_INFO = NO;
				MTL_FAST_MATH = YES;
				SDKROOT = iphoneos;
				SWIFT_COMPILATION_MODE = wholemodule;
				SWIFT_OPTIMIZATION_LEVEL = "-O";
				VALIDATE_PRODUCT = YES;
			};
			name = Release;
		};
		3D3148A72455D4E60022447E /* Debug */ = {
			isa = XCBuildConfiguration;
			buildSettings = {
				ASSETCATALOG_COMPILER_APPICON_NAME = AppIcon;
				CODE_SIGN_STYLE = Automatic;
				DEVELOPMENT_ASSET_PATHS = "\"Fluid/Preview Content\"";
				DEVELOPMENT_TEAM = 9RHBZ7GZXD;
				ENABLE_PREVIEWS = YES;
				INFOPLIST_FILE = Fluid/Info.plist;
				LD_RUNPATH_SEARCH_PATHS = (
					"$(inherited)",
					"@executable_path/Frameworks",
				);
				PRODUCT_BUNDLE_IDENTIFIER = com.aidanpendlebury.Fluid;
				PRODUCT_NAME = "$(TARGET_NAME)";
				SWIFT_VERSION = 5.0;
				TARGETED_DEVICE_FAMILY = "1,2";
			};
			name = Debug;
		};
		3D3148A82455D4E60022447E /* Release */ = {
			isa = XCBuildConfiguration;
			buildSettings = {
				ASSETCATALOG_COMPILER_APPICON_NAME = AppIcon;
				CODE_SIGN_STYLE = Automatic;
				DEVELOPMENT_ASSET_PATHS = "\"Fluid/Preview Content\"";
				DEVELOPMENT_TEAM = 9RHBZ7GZXD;
				ENABLE_PREVIEWS = YES;
				INFOPLIST_FILE = Fluid/Info.plist;
				LD_RUNPATH_SEARCH_PATHS = (
					"$(inherited)",
					"@executable_path/Frameworks",
				);
				PRODUCT_BUNDLE_IDENTIFIER = com.aidanpendlebury.Fluid;
				PRODUCT_NAME = "$(TARGET_NAME)";
				SWIFT_VERSION = 5.0;
				TARGETED_DEVICE_FAMILY = "1,2";
			};
			name = Release;
		};
/* End XCBuildConfiguration section */

/* Begin XCConfigurationList section */
		3D31488D2455D4E40022447E /* Build configuration list for PBXProject "Fluid" */ = {
			isa = XCConfigurationList;
			buildConfigurations = (
				3D3148A42455D4E60022447E /* Debug */,
				3D3148A52455D4E60022447E /* Release */,
			);
			defaultConfigurationIsVisible = 0;
			defaultConfigurationName = Release;
		};
		3D3148A62455D4E60022447E /* Build configuration list for PBXNativeTarget "Fluid" */ = {
			isa = XCConfigurationList;
			buildConfigurations = (
				3D3148A72455D4E60022447E /* Debug */,
				3D3148A82455D4E60022447E /* Release */,
			);
			defaultConfigurationIsVisible = 0;
			defaultConfigurationName = Release;
		};
/* End XCConfigurationList section */

/* Begin XCRemoteSwiftPackageReference section */
		3D3148B42455E3E60022447E /* XCRemoteSwiftPackageReference "lottie-ios" */ = {
			isa = XCRemoteSwiftPackageReference;
			repositoryURL = "https://github.com/airbnb/lottie-ios";
			requirement = {
				kind = upToNextMajorVersion;
				minimumVersion = 3.1.8;
			};
		};
/* End XCRemoteSwiftPackageReference section */

/* Begin XCSwiftPackageProductDependency section */
		3D3148B52455E3E60022447E /* Lottie */ = {
			isa = XCSwiftPackageProductDependency;
			package = 3D3148B42455E3E60022447E /* XCRemoteSwiftPackageReference "lottie-ios" */;
			productName = Lottie;
		};
/* End XCSwiftPackageProductDependency section */
	};
	rootObject = 3D31488A2455D4E40022447E /* Project object */;
}
